proto_outdir = "./src/main/resources/proto"

[[dependencies]]
  target = "github.com/cosmos/cosmos-sdk/third_party/proto"
  revision = "a7e19ad4588bcceeeeab522f5807b9ff22e91a8c"
  branch = ""
  path = ""
  protocol = ""

[[dependencies]]
  target = "github.com/cosmos/cosmos-sdk/proto"
  revision = "a7e19ad4588bcceeeeab522f5807b9ff22e91a8c"
  branch = ""
  path = ""
  protocol = ""

[[dependencies]]
  target = "github.com/medibloc/panacea-core/proto"
  revision = "3a415531da3f0d2b94667296900e007f3333aaab"
  branch = "master"
  path = ""
  protocol = ""
