proto_outdir = "./src/main/resources/proto"

[[dependencies]]
  target = "github.com/cosmos/cosmos-sdk/third_party/proto"
  revision = "84c33215658131d87daf3c629e909e12ed9370fa"
  branch = ""
  path = ""
  protocol = ""

[[dependencies]]
  target = "github.com/cosmos/cosmos-sdk/proto"
  revision = "84c33215658131d87daf3c629e909e12ed9370fa"
  branch = ""
  path = ""
  protocol = ""

[[dependencies]]
  target = "github.com/medibloc/panacea-core/proto"
  revision = "6c6abc575c37c7e5e7f4dd64c3e3e0853e072d1e"
  branch = "master"
  path = ""
  protocol = ""
